// !$*UTF8*$!
{
	archiveVersion = 1;
	classes = {
	};
	objectVersion = 46;
	objects = {

/* Begin PBXBuildFile section */
		071257711BCA1A4900D5F76B /* MapAnnotation.m in Sources */ = {isa = PBXBuildFile; fileRef = 071257701BCA1A4900D5F76B /* MapAnnotation.m */; };
		071257A51BCA2DA700D5F76B /* Marine Radio32 copy.png in Resources */ = {isa = PBXBuildFile; fileRef = 071257A41BCA2DA700D5F76B /* Marine Radio32 copy.png */; };
		071257A71BCA2DCC00D5F76B /* mapicon.png in Resources */ = {isa = PBXBuildFile; fileRef = 071257A61BCA2DCC00D5F76B /* mapicon.png */; };
		071257AD1BCA353000D5F76B /* contactusViewControlle.m in Sources */ = {isa = PBXBuildFile; fileRef = 071257AC1BCA353000D5F76B /* contactusViewControlle.m */; };
		071257E61BCA38E500D5F76B /* MessageUI.framework in Frameworks */ = {isa = PBXBuildFile; fileRef = 071257E51BCA38E500D5F76B /* MessageUI.framework */; };
		072EA0D61BA8A59D00898694 /* CollectionViewCell.m in Sources */ = {isa = PBXBuildFile; fileRef = 072EA0D11BA8A59D00898694 /* CollectionViewCell.m */; };
		072EA0D71BA8A59D00898694 /* CollectionViewController.m in Sources */ = {isa = PBXBuildFile; fileRef = 072EA0D31BA8A59D00898694 /* CollectionViewController.m */; };
		072EA0D81BA8A59D00898694 /* objectFeed.m in Sources */ = {isa = PBXBuildFile; fileRef = 072EA0D51BA8A59D00898694 /* objectFeed.m */; };
		072EA0E51BC8D25A00898694 /* arnhem1.jpg in Resources */ = {isa = PBXBuildFile; fileRef = 072EA0D91BC8D25A00898694 /* arnhem1.jpg */; };
		072EA0E61BC8D25A00898694 /* contact-512.png in Resources */ = {isa = PBXBuildFile; fileRef = 072EA0DA1BC8D25A00898694 /* contact-512.png */; };
		072EA0E71BC8D25A00898694 /* darwin1.jpg in Resources */ = {isa = PBXBuildFile; fileRef = 072EA0DB1BC8D25A00898694 /* darwin1.jpg */; };
		072EA0E81BC8D25A00898694 /* darwinhistory1.jpg in Resources */ = {isa = PBXBuildFile; fileRef = 072EA0DC1BC8D25A00898694 /* darwinhistory1.jpg */; };
		072EA0E91BC8D25A00898694 /* guidetravel.png in Resources */ = {isa = PBXBuildFile; fileRef = 072EA0DD1BC8D25A00898694 /* guidetravel.png */; };
		072EA0EA1BC8D25A00898694 /* kakadu.jpg in Resources */ = {isa = PBXBuildFile; fileRef = 072EA0DE1BC8D25A00898694 /* kakadu.jpg */; };
		072EA0EB1BC8D25A00898694 /* tenantcreek1.jpg in Resources */ = {isa = PBXBuildFile; fileRef = 072EA0DF1BC8D25A00898694 /* tenantcreek1.jpg */; };
		072EA0EC1BC8D25A00898694 /* ww21tunnel.jpg in Resources */ = {isa = PBXBuildFile; fileRef = 072EA0E01BC8D25A00898694 /* ww21tunnel.jpg */; };
		072EA0ED1BC8D25A00898694 /* ww22aviation.jpg in Resources */ = {isa = PBXBuildFile; fileRef = 072EA0E11BC8D25A00898694 /* ww22aviation.jpg */; };
		072EA0EE1BC8D25A00898694 /* ww23.jpg in Resources */ = {isa = PBXBuildFile; fileRef = 072EA0E21BC8D25A00898694 /* ww23.jpg */; };
		072EA0EF1BC8D25A00898694 /* ww24.jpg in Resources */ = {isa = PBXBuildFile; fileRef = 072EA0E31BC8D25A00898694 /* ww24.jpg */; };
		072EA0F01BC8D25A00898694 /* ww25adelaide.jpg in Resources */ = {isa = PBXBuildFile; fileRef = 072EA0E41BC8D25A00898694 /* ww25adelaide.jpg */; };
		072EA0F51BC8D39B00898694 /* Table1VC.m in Sources */ = {isa = PBXBuildFile; fileRef = 072EA0F21BC8D39B00898694 /* Table1VC.m */; };
		072EA0F61BC8D39B00898694 /* Table1VCViewController.m in Sources */ = {isa = PBXBuildFile; fileRef = 072EA0F41BC8D39B00898694 /* Table1VCViewController.m */; };
		072EA1021BC8ECA800898694 /* Table2VC.m in Sources */ = {isa = PBXBuildFile; fileRef = 072EA0FF1BC8ECA800898694 /* Table2VC.m */; };
		072EA1031BC8ECA800898694 /* Table2VCViewController.m in Sources */ = {isa = PBXBuildFile; fileRef = 072EA1011BC8ECA800898694 /* Table2VCViewController.m */; };
		072EA1091BC903DE00898694 /* webSimple.png in Resources */ = {isa = PBXBuildFile; fileRef = 072EA1051BC903DE00898694 /* webSimple.png */; };
		072EA10A1BC903DE00898694 /* gallery.png in Resources */ = {isa = PBXBuildFile; fileRef = 072EA1061BC903DE00898694 /* gallery.png */; };
		072EA10B1BC903DE00898694 /* downloadr2.png in Resources */ = {isa = PBXBuildFile; fileRef = 072EA1071BC903DE00898694 /* downloadr2.png */; };
		072EA10C1BC903DE00898694 /* Home Filled-32.png in Resources */ = {isa = PBXBuildFile; fileRef = 072EA1081BC903DE00898694 /* Home Filled-32.png */; };
		072EA1131BC9043900898694 /* map-location-fill-1-512.png in Resources */ = {isa = PBXBuildFile; fileRef = 072EA10D1BC9043900898694 /* map-location-fill-1-512.png */; };
		072EA1141BC9043900898694 /* Marine Radio-32.png in Resources */ = {isa = PBXBuildFile; fileRef = 072EA10E1BC9043900898694 /* Marine Radio-32.png */; };
		072EA1151BC9043900898694 /* olgas.jpg in Resources */ = {isa = PBXBuildFile; fileRef = 072EA10F1BC9043900898694 /* olgas.jpg */; };
		072EA1161BC9043900898694 /* radio.png in Resources */ = {isa = PBXBuildFile; fileRef = 072EA1101BC9043900898694 /* radio.png */; };
		072EA1171BC9043900898694 /* RSS.png in Resources */ = {isa = PBXBuildFile; fileRef = 072EA1111BC9043900898694 /* RSS.png */; };
		072EA1181BC9043900898694 /* Sent Filled-50.png in Resources */ = {isa = PBXBuildFile; fileRef = 072EA1121BC9043900898694 /* Sent Filled-50.png */; };
		072EA11A1BC9046700898694 /* FacebookLogo.png in Resources */ = {isa = PBXBuildFile; fileRef = 072EA1191BC9046700898694 /* FacebookLogo.png */; };
		072EA11F1BC9081800898694 /* Mobile Cast.png in Resources */ = {isa = PBXBuildFile; fileRef = 072EA11B1BC9081800898694 /* Mobile Cast.png */; };
		072EA1201BC9081800898694 /* News-50.png in Resources */ = {isa = PBXBuildFile; fileRef = 072EA11C1BC9081800898694 /* News-50.png */; };
		072EA1211BC9081800898694 /* Menu Filled-32.png in Resources */ = {isa = PBXBuildFile; fileRef = 072EA11D1BC9081800898694 /* Menu Filled-32.png */; };
		072EA1221BC9081800898694 /* Message Filled-50.png in Resources */ = {isa = PBXBuildFile; fileRef = 072EA11E1BC9081800898694 /* Message Filled-50.png */; };
		072EA1241BC90A7E00898694 /* gallery512.png in Resources */ = {isa = PBXBuildFile; fileRef = 072EA1231BC90A7E00898694 /* gallery512.png */; };
		072EA1261BC9F75500898694 /* NT_Map.png in Resources */ = {isa = PBXBuildFile; fileRef = 072EA1251BC9F75500898694 /* NT_Map.png */; };
		072EA1281BC9FC0700898694 /* maryriver.jpg in Resources */ = {isa = PBXBuildFile; fileRef = 072EA1271BC9FC0700898694 /* maryriver.jpg */; };
		07A0DCC41BCA05D90095F0C6 /* MapKit.framework in Frameworks */ = {isa = PBXBuildFile; fileRef = 07A0DCC31BCA05D90095F0C6 /* MapKit.framework */; };
		07A0DCC81BCA081A0095F0C6 /* MapViewController.m in Sources */ = {isa = PBXBuildFile; fileRef = 07A0DCC71BCA081A0095F0C6 /* MapViewController.m */; };
		07B7DBC41BC69A12009AF575 /* main.m in Sources */ = {isa = PBXBuildFile; fileRef = 07B7DBC31BC69A12009AF575 /* main.m */; };
		07B7DBC71BC69A12009AF575 /* AppDelegate.m in Sources */ = {isa = PBXBuildFile; fileRef = 07B7DBC61BC69A12009AF575 /* AppDelegate.m */; };
		07B7DBCD1BC69A12009AF575 /* Main.storyboard in Resources */ = {isa = PBXBuildFile; fileRef = 07B7DBCB1BC69A12009AF575 /* Main.storyboard */; };
		07B7DBCF1BC69A12009AF575 /* Images.xcassets in Resources */ = {isa = PBXBuildFile; fileRef = 07B7DBCE1BC69A12009AF575 /* Images.xcassets */; };
		07B7DBD21BC69A12009AF575 /* LaunchScreen.xib in Resources */ = {isa = PBXBuildFile; fileRef = 07B7DBD01BC69A12009AF575 /* LaunchScreen.xib */; };
		07B7DBDE1BC69A12009AF575 /* NTTourGuideTests.m in Sources */ = {isa = PBXBuildFile; fileRef = 07B7DBDD1BC69A12009AF575 /* NTTourGuideTests.m */; };
		07B7DBE91BC69AA9009AF575 /* MainViewController.m in Sources */ = {isa = PBXBuildFile; fileRef = 07B7DBE81BC69AA9009AF575 /* MainViewController.m */; };
		07B7DBEF1BC69FFE009AF575 /* WebViewController.m in Sources */ = {isa = PBXBuildFile; fileRef = 07B7DBED1BC69FFE009AF575 /* WebViewController.m */; };
		07B7DBF61BC69FFE009AF575 /* clsFeedItem1.m in Sources */ = {isa = PBXBuildFile; fileRef = 07B7DBF11BC69FFE009AF575 /* clsFeedItem1.m */; };
		07B7DBF71BC69FFE009AF575 /* NTHighlightCell1.m in Sources */ = {isa = PBXBuildFile; fileRef = 07B7DBF31BC69FFE009AF575 /* NTHighlightCell1.m */; };
		07B7DBF81BC69FFE009AF575 /* NTHighlightCellDIs1.m in Sources */ = {isa = PBXBuildFile; fileRef = 07B7DBF51BC69FFE009AF575 /* NTHighlightCellDIs1.m */; };
/* End PBXBuildFile section */

/* Begin PBXContainerItemProxy section */
		07B7DBD81BC69A12009AF575 /* PBXContainerItemProxy */ = {
			isa = PBXContainerItemProxy;
			containerPortal = 07B7DBB61BC69A12009AF575 /* Project object */;
			proxyType = 1;
			remoteGlobalIDString = 07B7DBBD1BC69A12009AF575;
			remoteInfo = NTTourGuide;
		};
/* End PBXContainerItemProxy section */

/* Begin PBXFileReference section */
		0712576F1BCA1A4900D5F76B /* MapAnnotation.h */ = {isa = PBXFileReference; fileEncoding = 4; lastKnownFileType = sourcecode.c.h; path = MapAnnotation.h; sourceTree = "<group>"; };
		071257701BCA1A4900D5F76B /* MapAnnotation.m */ = {isa = PBXFileReference; fileEncoding = 4; lastKnownFileType = sourcecode.c.objc; path = MapAnnotation.m; sourceTree = "<group>"; };
		071257A41BCA2DA700D5F76B /* Marine Radio32 copy.png */ = {isa = PBXFileReference; lastKnownFileType = image.png; path = "Marine Radio32 copy.png"; sourceTree = "<group>"; };
		071257A61BCA2DCC00D5F76B /* mapicon.png */ = {isa = PBXFileReference; lastKnownFileType = image.png; path = mapicon.png; sourceTree = "<group>"; };
		071257A91BCA30C400D5F76B /* CDU Darwin.gpx */ = {isa = PBXFileReference; lastKnownFileType = text.xml; path = "CDU Darwin.gpx"; sourceTree = "<group>"; };
		071257AB1BCA353000D5F76B /* contactusViewControlle.h */ = {isa = PBXFileReference; fileEncoding = 4; lastKnownFileType = sourcecode.c.h; path = contactusViewControlle.h; sourceTree = "<group>"; };
		071257AC1BCA353000D5F76B /* contactusViewControlle.m */ = {isa = PBXFileReference; fileEncoding = 4; lastKnownFileType = sourcecode.c.objc; path = contactusViewControlle.m; sourceTree = "<group>"; };
		071257E51BCA38E500D5F76B /* MessageUI.framework */ = {isa = PBXFileReference; lastKnownFileType = wrapper.framework; name = MessageUI.framework; path = System/Library/Frameworks/MessageUI.framework; sourceTree = SDKROOT; };
		072EA0D01BA8A59D00898694 /* CollectionViewCell.h */ = {isa = PBXFileReference; fileEncoding = 4; lastKnownFileType = sourcecode.c.h; name = CollectionViewCell.h; path = ../TableViewDemo2/TableViewDemo2/CollectionViewCell.h; sourceTree = "<group>"; };
		072EA0D11BA8A59D00898694 /* CollectionViewCell.m */ = {isa = PBXFileReference; fileEncoding = 4; lastKnownFileType = sourcecode.c.objc; name = CollectionViewCell.m; path = ../TableViewDemo2/TableViewDemo2/CollectionViewCell.m; sourceTree = "<group>"; };
		072EA0D21BA8A59D00898694 /* CollectionViewController.h */ = {isa = PBXFileReference; fileEncoding = 4; lastKnownFileType = sourcecode.c.h; name = CollectionViewController.h; path = ../TableViewDemo2/TableViewDemo2/CollectionViewController.h; sourceTree = "<group>"; };
		072EA0D31BA8A59D00898694 /* CollectionViewController.m */ = {isa = PBXFileReference; fileEncoding = 4; lastKnownFileType = sourcecode.c.objc; name = CollectionViewController.m; path = ../TableViewDemo2/TableViewDemo2/CollectionViewController.m; sourceTree = "<group>"; };
		072EA0D41BA8A59D00898694 /* objectFeed.h */ = {isa = PBXFileReference; fileEncoding = 4; lastKnownFileType = sourcecode.c.h; name = objectFeed.h; path = ../TableViewDemo2/TableViewDemo2/objectFeed.h; sourceTree = "<group>"; };
		072EA0D51BA8A59D00898694 /* objectFeed.m */ = {isa = PBXFileReference; fileEncoding = 4; lastKnownFileType = sourcecode.c.objc; name = objectFeed.m; path = ../TableViewDemo2/TableViewDemo2/objectFeed.m; sourceTree = "<group>"; };
		072EA0D91BC8D25A00898694 /* arnhem1.jpg */ = {isa = PBXFileReference; lastKnownFileType = image.jpeg; path = arnhem1.jpg; sourceTree = "<group>"; };
		072EA0DA1BC8D25A00898694 /* contact-512.png */ = {isa = PBXFileReference; lastKnownFileType = image.png; path = "contact-512.png"; sourceTree = "<group>"; };
		072EA0DB1BC8D25A00898694 /* darwin1.jpg */ = {isa = PBXFileReference; lastKnownFileType = image.jpeg; path = darwin1.jpg; sourceTree = "<group>"; };
		072EA0DC1BC8D25A00898694 /* darwinhistory1.jpg */ = {isa = PBXFileReference; lastKnownFileType = image.jpeg; path = darwinhistory1.jpg; sourceTree = "<group>"; };
		072EA0DD1BC8D25A00898694 /* guidetravel.png */ = {isa = PBXFileReference; lastKnownFileType = image.png; path = guidetravel.png; sourceTree = "<group>"; };
		072EA0DE1BC8D25A00898694 /* kakadu.jpg */ = {isa = PBXFileReference; lastKnownFileType = image.jpeg; path = kakadu.jpg; sourceTree = "<group>"; };
		072EA0DF1BC8D25A00898694 /* tenantcreek1.jpg */ = {isa = PBXFileReference; lastKnownFileType = image.jpeg; path = tenantcreek1.jpg; sourceTree = "<group>"; };
		072EA0E01BC8D25A00898694 /* ww21tunnel.jpg */ = {isa = PBXFileReference; lastKnownFileType = image.jpeg; path = ww21tunnel.jpg; sourceTree = "<group>"; };
		072EA0E11BC8D25A00898694 /* ww22aviation.jpg */ = {isa = PBXFileReference; lastKnownFileType = image.jpeg; path = ww22aviation.jpg; sourceTree = "<group>"; };
		072EA0E21BC8D25A00898694 /* ww23.jpg */ = {isa = PBXFileReference; lastKnownFileType = image.jpeg; path = ww23.jpg; sourceTree = "<group>"; };
		072EA0E31BC8D25A00898694 /* ww24.jpg */ = {isa = PBXFileReference; lastKnownFileType = image.jpeg; path = ww24.jpg; sourceTree = "<group>"; };
		072EA0E41BC8D25A00898694 /* ww25adelaide.jpg */ = {isa = PBXFileReference; lastKnownFileType = image.jpeg; path = ww25adelaide.jpg; sourceTree = "<group>"; };
		072EA0F11BC8D39B00898694 /* Table1VC.h */ = {isa = PBXFileReference; fileEncoding = 4; lastKnownFileType = sourcecode.c.h; path = Table1VC.h; sourceTree = "<group>"; };
		072EA0F21BC8D39B00898694 /* Table1VC.m */ = {isa = PBXFileReference; fileEncoding = 4; lastKnownFileType = sourcecode.c.objc; path = Table1VC.m; sourceTree = "<group>"; };
		072EA0F31BC8D39B00898694 /* Table1VCViewController.h */ = {isa = PBXFileReference; fileEncoding = 4; lastKnownFileType = sourcecode.c.h; path = Table1VCViewController.h; sourceTree = "<group>"; };
		072EA0F41BC8D39B00898694 /* Table1VCViewController.m */ = {isa = PBXFileReference; fileEncoding = 4; lastKnownFileType = sourcecode.c.objc; path = Table1VCViewController.m; sourceTree = "<group>"; };
		072EA0FE1BC8ECA800898694 /* Table2VC.h */ = {isa = PBXFileReference; fileEncoding = 4; lastKnownFileType = sourcecode.c.h; path = Table2VC.h; sourceTree = "<group>"; };
		072EA0FF1BC8ECA800898694 /* Table2VC.m */ = {isa = PBXFileReference; fileEncoding = 4; lastKnownFileType = sourcecode.c.objc; path = Table2VC.m; sourceTree = "<group>"; };
		072EA1001BC8ECA800898694 /* Table2VCViewController.h */ = {isa = PBXFileReference; fileEncoding = 4; lastKnownFileType = sourcecode.c.h; path = Table2VCViewController.h; sourceTree = "<group>"; };
		072EA1011BC8ECA800898694 /* Table2VCViewController.m */ = {isa = PBXFileReference; fileEncoding = 4; lastKnownFileType = sourcecode.c.objc; path = Table2VCViewController.m; sourceTree = "<group>"; };
		072EA1051BC903DE00898694 /* webSimple.png */ = {isa = PBXFileReference; lastKnownFileType = image.png; path = webSimple.png; sourceTree = "<group>"; };
		072EA1061BC903DE00898694 /* gallery.png */ = {isa = PBXFileReference; lastKnownFileType = image.png; path = gallery.png; sourceTree = "<group>"; };
		072EA1071BC903DE00898694 /* downloadr2.png */ = {isa = PBXFileReference; lastKnownFileType = image.png; path = downloadr2.png; sourceTree = "<group>"; };
		072EA1081BC903DE00898694 /* Home Filled-32.png */ = {isa = PBXFileReference; lastKnownFileType = image.png; path = "Home Filled-32.png"; sourceTree = "<group>"; };
		072EA10D1BC9043900898694 /* map-location-fill-1-512.png */ = {isa = PBXFileReference; lastKnownFileType = image.png; path = "map-location-fill-1-512.png"; sourceTree = "<group>"; };
		072EA10E1BC9043900898694 /* Marine Radio-32.png */ = {isa = PBXFileReference; lastKnownFileType = image.png; path = "Marine Radio-32.png"; sourceTree = "<group>"; };
		072EA10F1BC9043900898694 /* olgas.jpg */ = {isa = PBXFileReference; lastKnownFileType = image.jpeg; path = olgas.jpg; sourceTree = "<group>"; };
		072EA1101BC9043900898694 /* radio.png */ = {isa = PBXFileReference; lastKnownFileType = image.png; path = radio.png; sourceTree = "<group>"; };
		072EA1111BC9043900898694 /* RSS.png */ = {isa = PBXFileReference; lastKnownFileType = image.png; path = RSS.png; sourceTree = "<group>"; };
		072EA1121BC9043900898694 /* Sent Filled-50.png */ = {isa = PBXFileReference; lastKnownFileType = image.png; path = "Sent Filled-50.png"; sourceTree = "<group>"; };
		072EA1191BC9046700898694 /* FacebookLogo.png */ = {isa = PBXFileReference; lastKnownFileType = image.png; path = FacebookLogo.png; sourceTree = "<group>"; };
		072EA11B1BC9081800898694 /* Mobile Cast.png */ = {isa = PBXFileReference; lastKnownFileType = image.png; path = "Mobile Cast.png"; sourceTree = "<group>"; };
		072EA11C1BC9081800898694 /* News-50.png */ = {isa = PBXFileReference; lastKnownFileType = image.png; path = "News-50.png"; sourceTree = "<group>"; };
		072EA11D1BC9081800898694 /* Menu Filled-32.png */ = {isa = PBXFileReference; lastKnownFileType = image.png; path = "Menu Filled-32.png"; sourceTree = "<group>"; };
		072EA11E1BC9081800898694 /* Message Filled-50.png */ = {isa = PBXFileReference; lastKnownFileType = image.png; path = "Message Filled-50.png"; sourceTree = "<group>"; };
		072EA1231BC90A7E00898694 /* gallery512.png */ = {isa = PBXFileReference; lastKnownFileType = image.png; path = gallery512.png; sourceTree = "<group>"; };
		072EA1251BC9F75500898694 /* NT_Map.png */ = {isa = PBXFileReference; lastKnownFileType = image.png; path = NT_Map.png; sourceTree = "<group>"; };
		072EA1271BC9FC0700898694 /* maryriver.jpg */ = {isa = PBXFileReference; lastKnownFileType = image.jpeg; path = maryriver.jpg; sourceTree = "<group>"; };
		07A0DCC31BCA05D90095F0C6 /* MapKit.framework */ = {isa = PBXFileReference; lastKnownFileType = wrapper.framework; name = MapKit.framework; path = System/Library/Frameworks/MapKit.framework; sourceTree = SDKROOT; };
		07A0DCC61BCA081A0095F0C6 /* MapViewController.h */ = {isa = PBXFileReference; fileEncoding = 4; lastKnownFileType = sourcecode.c.h; path = MapViewController.h; sourceTree = "<group>"; };
		07A0DCC71BCA081A0095F0C6 /* MapViewController.m */ = {isa = PBXFileReference; fileEncoding = 4; lastKnownFileType = sourcecode.c.objc; path = MapViewController.m; sourceTree = "<group>"; };
		07B7DBBE1BC69A12009AF575 /* NTTourGuide.app */ = {isa = PBXFileReference; explicitFileType = wrapper.application; includeInIndex = 0; path = NTTourGuide.app; sourceTree = BUILT_PRODUCTS_DIR; };
		07B7DBC21BC69A12009AF575 /* Info.plist */ = {isa = PBXFileReference; lastKnownFileType = text.plist.xml; path = Info.plist; sourceTree = "<group>"; };
		07B7DBC31BC69A12009AF575 /* main.m */ = {isa = PBXFileReference; lastKnownFileType = sourcecode.c.objc; path = main.m; sourceTree = "<group>"; };
		07B7DBC51BC69A12009AF575 /* AppDelegate.h */ = {isa = PBXFileReference; lastKnownFileType = sourcecode.c.h; path = AppDelegate.h; sourceTree = "<group>"; };
		07B7DBC61BC69A12009AF575 /* AppDelegate.m */ = {isa = PBXFileReference; lastKnownFileType = sourcecode.c.objc; path = AppDelegate.m; sourceTree = "<group>"; };
		07B7DBCC1BC69A12009AF575 /* Base */ = {isa = PBXFileReference; lastKnownFileType = file.storyboard; name = Base; path = Base.lproj/Main.storyboard; sourceTree = "<group>"; };
		07B7DBCE1BC69A12009AF575 /* Images.xcassets */ = {isa = PBXFileReference; lastKnownFileType = folder.assetcatalog; path = Images.xcassets; sourceTree = "<group>"; };
		07B7DBD11BC69A12009AF575 /* Base */ = {isa = PBXFileReference; lastKnownFileType = file.xib; name = Base; path = Base.lproj/LaunchScreen.xib; sourceTree = "<group>"; };
		07B7DBD71BC69A12009AF575 /* NTTourGuideTests.xctest */ = {isa = PBXFileReference; explicitFileType = wrapper.cfbundle; includeInIndex = 0; path = NTTourGuideTests.xctest; sourceTree = BUILT_PRODUCTS_DIR; };
		07B7DBDC1BC69A12009AF575 /* Info.plist */ = {isa = PBXFileReference; lastKnownFileType = text.plist.xml; path = Info.plist; sourceTree = "<group>"; };
		07B7DBDD1BC69A12009AF575 /* NTTourGuideTests.m */ = {isa = PBXFileReference; lastKnownFileType = sourcecode.c.objc; path = NTTourGuideTests.m; sourceTree = "<group>"; };
		07B7DBE71BC69AA9009AF575 /* MainViewController.h */ = {isa = PBXFileReference; fileEncoding = 4; lastKnownFileType = sourcecode.c.h; name = MainViewController.h; path = ../MainViewController.h; sourceTree = "<group>"; };
		07B7DBE81BC69AA9009AF575 /* MainViewController.m */ = {isa = PBXFileReference; fileEncoding = 4; lastKnownFileType = sourcecode.c.objc; name = MainViewController.m; path = ../MainViewController.m; sourceTree = "<group>"; };
		07B7DBED1BC69FFE009AF575 /* WebViewController.m */ = {isa = PBXFileReference; fileEncoding = 4; lastKnownFileType = sourcecode.c.objc; path = WebViewController.m; sourceTree = "<group>"; };
		07B7DBEE1BC69FFE009AF575 /* WebViewController.h */ = {isa = PBXFileReference; fileEncoding = 4; lastKnownFileType = sourcecode.c.h; path = WebViewController.h; sourceTree = "<group>"; };
		07B7DBF01BC69FFE009AF575 /* clsFeedItem1.h */ = {isa = PBXFileReference; fileEncoding = 4; lastKnownFileType = sourcecode.c.h; path = clsFeedItem1.h; sourceTree = "<group>"; };
		07B7DBF11BC69FFE009AF575 /* clsFeedItem1.m */ = {isa = PBXFileReference; fileEncoding = 4; lastKnownFileType = sourcecode.c.objc; path = clsFeedItem1.m; sourceTree = "<group>"; };
		07B7DBF21BC69FFE009AF575 /* NTHighlightCell1.h */ = {isa = PBXFileReference; fileEncoding = 4; lastKnownFileType = sourcecode.c.h; path = NTHighlightCell1.h; sourceTree = "<group>"; };
		07B7DBF31BC69FFE009AF575 /* NTHighlightCell1.m */ = {isa = PBXFileReference; fileEncoding = 4; lastKnownFileType = sourcecode.c.objc; path = NTHighlightCell1.m; sourceTree = "<group>"; };
		07B7DBF41BC69FFE009AF575 /* NTHighlightCellDIs1.h */ = {isa = PBXFileReference; fileEncoding = 4; lastKnownFileType = sourcecode.c.h; path = NTHighlightCellDIs1.h; sourceTree = "<group>"; };
		07B7DBF51BC69FFE009AF575 /* NTHighlightCellDIs1.m */ = {isa = PBXFileReference; fileEncoding = 4; lastKnownFileType = sourcecode.c.objc; path = NTHighlightCellDIs1.m; sourceTree = "<group>"; };
/* End PBXFileReference section */

/* Begin PBXFrameworksBuildPhase section */
		07B7DBBB1BC69A12009AF575 /* Frameworks */ = {
			isa = PBXFrameworksBuildPhase;
			buildActionMask = 2147483647;
			files = (
				071257E61BCA38E500D5F76B /* MessageUI.framework in Frameworks */,
				07A0DCC41BCA05D90095F0C6 /* MapKit.framework in Frameworks */,
			);
			runOnlyForDeploymentPostprocessing = 0;
		};
		07B7DBD41BC69A12009AF575 /* Frameworks */ = {
			isa = PBXFrameworksBuildPhase;
			buildActionMask = 2147483647;
			files = (
			);
			runOnlyForDeploymentPostprocessing = 0;
		};
/* End PBXFrameworksBuildPhase section */

/* Begin PBXGroup section */
		071257AA1BCA346400D5F76B /* Framework */ = {
			isa = PBXGroup;
			children = (
				07A0DCC31BCA05D90095F0C6 /* MapKit.framework */,
			);
			name = Framework;
			sourceTree = "<group>";
		};
		072EA0FD1BC8EC8F00898694 /* Radio */ = {
			isa = PBXGroup;
			children = (
				072EA0F11BC8D39B00898694 /* Table1VC.h */,
				072EA0F21BC8D39B00898694 /* Table1VC.m */,
				072EA0F31BC8D39B00898694 /* Table1VCViewController.h */,
				072EA0F41BC8D39B00898694 /* Table1VCViewController.m */,
			);
			name = Radio;
			sourceTree = "<group>";
		};
		072EA1041BC901C700898694 /* RSSFeed */ = {
			isa = PBXGroup;
			children = (
				072EA0FE1BC8ECA800898694 /* Table2VC.h */,
				072EA0FF1BC8ECA800898694 /* Table2VC.m */,
				072EA1001BC8ECA800898694 /* Table2VCViewController.h */,
				072EA1011BC8ECA800898694 /* Table2VCViewController.m */,
			);
			name = RSSFeed;
			sourceTree = "<group>";
		};
		07A0DCC51BCA07DE0095F0C6 /* Map */ = {
			isa = PBXGroup;
			children = (
				07A0DCC61BCA081A0095F0C6 /* MapViewController.h */,
				07A0DCC71BCA081A0095F0C6 /* MapViewController.m */,
				0712576F1BCA1A4900D5F76B /* MapAnnotation.h */,
				071257701BCA1A4900D5F76B /* MapAnnotation.m */,
			);
			name = Map;
			sourceTree = "<group>";
		};
		07B7DBB51BC69A12009AF575 = {
			isa = PBXGroup;
			children = (
				071257E51BCA38E500D5F76B /* MessageUI.framework */,
				071257AB1BCA353000D5F76B /* contactusViewControlle.h */,
				071257AC1BCA353000D5F76B /* contactusViewControlle.m */,
				07B7DBC01BC69A12009AF575 /* NTTourGuide */,
				07A0DCC51BCA07DE0095F0C6 /* Map */,
				072EA1041BC901C700898694 /* RSSFeed */,
				072EA0FD1BC8EC8F00898694 /* Radio */,
				07B7DC1C1BC69FFE009AF575 /* CollectionViewHistCell2 */,
				07B7DC1B1BC69FFE009AF575 /* CollectionViewCell */,
				07B7DBDA1BC69A12009AF575 /* NTTourGuideTests */,
				07B7DBBF1BC69A12009AF575 /* Products */,
				07B7DBEA1BC69FC0009AF575 /* MediaFiles */,
				071257AA1BCA346400D5F76B /* Framework */,
				071257A91BCA30C400D5F76B /* CDU Darwin.gpx */,
			);
			sourceTree = "<group>";
		};
		07B7DBBF1BC69A12009AF575 /* Products */ = {
			isa = PBXGroup;
			children = (
				07B7DBBE1BC69A12009AF575 /* NTTourGuide.app */,
				07B7DBD71BC69A12009AF575 /* NTTourGuideTests.xctest */,
			);
			name = Products;
			sourceTree = "<group>";
		};
		07B7DBC01BC69A12009AF575 /* NTTourGuide */ = {
			isa = PBXGroup;
			children = (
				07B7DBCB1BC69A12009AF575 /* Main.storyboard */,
				07B7DBEE1BC69FFE009AF575 /* WebViewController.h */,
				07B7DBED1BC69FFE009AF575 /* WebViewController.m */,
				07B7DBC51BC69A12009AF575 /* AppDelegate.h */,
				07B7DBC61BC69A12009AF575 /* AppDelegate.m */,
				07B7DBE71BC69AA9009AF575 /* MainViewController.h */,
				07B7DBE81BC69AA9009AF575 /* MainViewController.m */,
				07B7DBCE1BC69A12009AF575 /* Images.xcassets */,
				07B7DBD01BC69A12009AF575 /* LaunchScreen.xib */,
				07B7DBC11BC69A12009AF575 /* Supporting Files */,
			);
			path = NTTourGuide;
			sourceTree = "<group>";
		};
		07B7DBC11BC69A12009AF575 /* Supporting Files */ = {
			isa = PBXGroup;
			children = (
				07B7DBC21BC69A12009AF575 /* Info.plist */,
				07B7DBC31BC69A12009AF575 /* main.m */,
			);
			name = "Supporting Files";
			sourceTree = "<group>";
		};
		07B7DBDA1BC69A12009AF575 /* NTTourGuideTests */ = {
			isa = PBXGroup;
			children = (
				07B7DBDD1BC69A12009AF575 /* NTTourGuideTests.m */,
				07B7DBDB1BC69A12009AF575 /* Supporting Files */,
			);
			path = NTTourGuideTests;
			sourceTree = "<group>";
		};
		07B7DBDB1BC69A12009AF575 /* Supporting Files */ = {
			isa = PBXGroup;
			children = (
				07B7DBDC1BC69A12009AF575 /* Info.plist */,
			);
			name = "Supporting Files";
			sourceTree = "<group>";
		};
		07B7DBEA1BC69FC0009AF575 /* MediaFiles */ = {
			isa = PBXGroup;
			children = (
				072EA11B1BC9081800898694 /* Mobile Cast.png */,
				071257A41BCA2DA700D5F76B /* Marine Radio32 copy.png */,
				072EA1271BC9FC0700898694 /* maryriver.jpg */,
				071257A61BCA2DCC00D5F76B /* mapicon.png */,
				072EA1251BC9F75500898694 /* NT_Map.png */,
				072EA1231BC90A7E00898694 /* gallery512.png */,
				072EA11C1BC9081800898694 /* News-50.png */,
				072EA11D1BC9081800898694 /* Menu Filled-32.png */,
				072EA11E1BC9081800898694 /* Message Filled-50.png */,
				072EA0D91BC8D25A00898694 /* arnhem1.jpg */,
				072EA0DA1BC8D25A00898694 /* contact-512.png */,
				072EA0DB1BC8D25A00898694 /* darwin1.jpg */,
				072EA0DC1BC8D25A00898694 /* darwinhistory1.jpg */,
				072EA0DD1BC8D25A00898694 /* guidetravel.png */,
				072EA0DE1BC8D25A00898694 /* kakadu.jpg */,
				072EA0DF1BC8D25A00898694 /* tenantcreek1.jpg */,
				072EA0E41BC8D25A00898694 /* ww25adelaide.jpg */,
				072EA0E01BC8D25A00898694 /* ww21tunnel.jpg */,
				072EA0E11BC8D25A00898694 /* ww22aviation.jpg */,
				072EA0E21BC8D25A00898694 /* ww23.jpg */,
				072EA0E31BC8D25A00898694 /* ww24.jpg */,
				072EA10D1BC9043900898694 /* map-location-fill-1-512.png */,
				072EA10E1BC9043900898694 /* Marine Radio-32.png */,
				072EA10F1BC9043900898694 /* olgas.jpg */,
				072EA1101BC9043900898694 /* radio.png */,
				072EA1111BC9043900898694 /* RSS.png */,
				072EA1191BC9046700898694 /* FacebookLogo.png */,
				072EA1121BC9043900898694 /* Sent Filled-50.png */,
				072EA1051BC903DE00898694 /* webSimple.png */,
				072EA1061BC903DE00898694 /* gallery.png */,
				072EA1071BC903DE00898694 /* downloadr2.png */,
				072EA1081BC903DE00898694 /* Home Filled-32.png */,
			);
			name = MediaFiles;
			sourceTree = "<group>";
		};
		07B7DC1B1BC69FFE009AF575 /* CollectionViewCell */ = {
			isa = PBXGroup;
			children = (
				07B7DBF01BC69FFE009AF575 /* clsFeedItem1.h */,
				07B7DBF11BC69FFE009AF575 /* clsFeedItem1.m */,
				07B7DBF21BC69FFE009AF575 /* NTHighlightCell1.h */,
				07B7DBF31BC69FFE009AF575 /* NTHighlightCell1.m */,
				07B7DBF41BC69FFE009AF575 /* NTHighlightCellDIs1.h */,
				07B7DBF51BC69FFE009AF575 /* NTHighlightCellDIs1.m */,
			);
			name = CollectionViewCell;
			sourceTree = "<group>";
		};
		07B7DC1C1BC69FFE009AF575 /* CollectionViewHistCell2 */ = {
			isa = PBXGroup;
			children = (
				072EA0D01BA8A59D00898694 /* CollectionViewCell.h */,
				072EA0D11BA8A59D00898694 /* CollectionViewCell.m */,
				072EA0D21BA8A59D00898694 /* CollectionViewController.h */,
				072EA0D31BA8A59D00898694 /* CollectionViewController.m */,
				072EA0D41BA8A59D00898694 /* objectFeed.h */,
				072EA0D51BA8A59D00898694 /* objectFeed.m */,
			);
			name = CollectionViewHistCell2;
			sourceTree = "<group>";
		};
/* End PBXGroup section */

/* Begin PBXNativeTarget section */
		07B7DBBD1BC69A12009AF575 /* NTTourGuide */ = {
			isa = PBXNativeTarget;
			buildConfigurationList = 07B7DBE11BC69A12009AF575 /* Build configuration list for PBXNativeTarget "NTTourGuide" */;
			buildPhases = (
				07B7DBBA1BC69A12009AF575 /* Sources */,
				07B7DBBB1BC69A12009AF575 /* Frameworks */,
				07B7DBBC1BC69A12009AF575 /* Resources */,
			);
			buildRules = (
			);
			dependencies = (
			);
			name = NTTourGuide;
			productName = NTTourGuide;
			productReference = 07B7DBBE1BC69A12009AF575 /* NTTourGuide.app */;
			productType = "com.apple.product-type.application";
		};
		07B7DBD61BC69A12009AF575 /* NTTourGuideTests */ = {
			isa = PBXNativeTarget;
			buildConfigurationList = 07B7DBE41BC69A12009AF575 /* Build configuration list for PBXNativeTarget "NTTourGuideTests" */;
			buildPhases = (
				07B7DBD31BC69A12009AF575 /* Sources */,
				07B7DBD41BC69A12009AF575 /* Frameworks */,
				07B7DBD51BC69A12009AF575 /* Resources */,
			);
			buildRules = (
			);
			dependencies = (
				07B7DBD91BC69A12009AF575 /* PBXTargetDependency */,
			);
			name = NTTourGuideTests;
			productName = NTTourGuideTests;
			productReference = 07B7DBD71BC69A12009AF575 /* NTTourGuideTests.xctest */;
			productType = "com.apple.product-type.bundle.unit-test";
		};
/* End PBXNativeTarget section */

/* Begin PBXProject section */
		07B7DBB61BC69A12009AF575 /* Project object */ = {
			isa = PBXProject;
			attributes = {
				LastUpgradeCheck = 0600;
				ORGANIZATIONNAME = "Booyah!";
				TargetAttributes = {
					07B7DBBD1BC69A12009AF575 = {
						CreatedOnToolsVersion = 6.0.1;
						SystemCapabilities = {
							com.apple.Maps.iOS = {
								enabled = 1;
							};
						};
					};
					07B7DBD61BC69A12009AF575 = {
						CreatedOnToolsVersion = 6.0.1;
						TestTargetID = 07B7DBBD1BC69A12009AF575;
					};
				};
			};
			buildConfigurationList = 07B7DBB91BC69A12009AF575 /* Build configuration list for PBXProject "NTTourGuide" */;
			compatibilityVersion = "Xcode 3.2";
			developmentRegion = English;
			hasScannedForEncodings = 0;
			knownRegions = (
				en,
				Base,
			);
			mainGroup = 07B7DBB51BC69A12009AF575;
			productRefGroup = 07B7DBBF1BC69A12009AF575 /* Products */;
			projectDirPath = "";
			projectRoot = "";
			targets = (
				07B7DBBD1BC69A12009AF575 /* NTTourGuide */,
				07B7DBD61BC69A12009AF575 /* NTTourGuideTests */,
			);
		};
/* End PBXProject section */

/* Begin PBXResourcesBuildPhase section */
		07B7DBBC1BC69A12009AF575 /* Resources */ = {
			isa = PBXResourcesBuildPhase;
			buildActionMask = 2147483647;
			files = (
				072EA0EC1BC8D25A00898694 /* ww21tunnel.jpg in Resources */,
				072EA0EF1BC8D25A00898694 /* ww24.jpg in Resources */,
				07B7DBCD1BC69A12009AF575 /* Main.storyboard in Resources */,
				072EA1151BC9043900898694 /* olgas.jpg in Resources */,
				072EA1171BC9043900898694 /* RSS.png in Resources */,
				072EA0E91BC8D25A00898694 /* guidetravel.png in Resources */,
				072EA1201BC9081800898694 /* News-50.png in Resources */,
				072EA1281BC9FC0700898694 /* maryriver.jpg in Resources */,
				072EA10C1BC903DE00898694 /* Home Filled-32.png in Resources */,
				072EA0EA1BC8D25A00898694 /* kakadu.jpg in Resources */,
				072EA1241BC90A7E00898694 /* gallery512.png in Resources */,
				072EA0E81BC8D25A00898694 /* darwinhistory1.jpg in Resources */,
				072EA11F1BC9081800898694 /* Mobile Cast.png in Resources */,
				071257A71BCA2DCC00D5F76B /* mapicon.png in Resources */,
				072EA1221BC9081800898694 /* Message Filled-50.png in Resources */,
				072EA10A1BC903DE00898694 /* gallery.png in Resources */,
				072EA11A1BC9046700898694 /* FacebookLogo.png in Resources */,
				072EA0EB1BC8D25A00898694 /* tenantcreek1.jpg in Resources */,
				072EA0EE1BC8D25A00898694 /* ww23.jpg in Resources */,
				072EA0E61BC8D25A00898694 /* contact-512.png in Resources */,
				07B7DBD21BC69A12009AF575 /* LaunchScreen.xib in Resources */,
				072EA0ED1BC8D25A00898694 /* ww22aviation.jpg in Resources */,
				072EA1091BC903DE00898694 /* webSimple.png in Resources */,
				07B7DBCF1BC69A12009AF575 /* Images.xcassets in Resources */,
				071257A51BCA2DA700D5F76B /* Marine Radio32 copy.png in Resources */,
				072EA0F01BC8D25A00898694 /* ww25adelaide.jpg in Resources */,
				072EA1211BC9081800898694 /* Menu Filled-32.png in Resources */,
				072EA1131BC9043900898694 /* map-location-fill-1-512.png in Resources */,
				072EA1161BC9043900898694 /* radio.png in Resources */,
				072EA1181BC9043900898694 /* Sent Filled-50.png in Resources */,
				072EA0E51BC8D25A00898694 /* arnhem1.jpg in Resources */,
				072EA10B1BC903DE00898694 /* downloadr2.png in Resources */,
				072EA0E71BC8D25A00898694 /* darwin1.jpg in Resources */,
				072EA1141BC9043900898694 /* Marine Radio-32.png in Resources */,
				072EA1261BC9F75500898694 /* NT_Map.png in Resources */,
			);
			runOnlyForDeploymentPostprocessing = 0;
		};
		07B7DBD51BC69A12009AF575 /* Resources */ = {
			isa = PBXResourcesBuildPhase;
			buildActionMask = 2147483647;
			files = (
			);
			runOnlyForDeploymentPostprocessing = 0;
		};
/* End PBXResourcesBuildPhase section */

/* Begin PBXSourcesBuildPhase section */
		07B7DBBA1BC69A12009AF575 /* Sources */ = {
			isa = PBXSourcesBuildPhase;
			buildActionMask = 2147483647;
			files = (
				072EA0F61BC8D39B00898694 /* Table1VCViewController.m in Sources */,
				072EA0D81BA8A59D00898694 /* objectFeed.m in Sources */,
				07B7DBEF1BC69FFE009AF575 /* WebViewController.m in Sources */,
				071257711BCA1A4900D5F76B /* MapAnnotation.m in Sources */,
				072EA0F51BC8D39B00898694 /* Table1VC.m in Sources */,
				07B7DBF61BC69FFE009AF575 /* clsFeedItem1.m in Sources */,
				07B7DBF71BC69FFE009AF575 /* NTHighlightCell1.m in Sources */,
				07B7DBF81BC69FFE009AF575 /* NTHighlightCellDIs1.m in Sources */,
				071257AD1BCA353000D5F76B /* contactusViewControlle.m in Sources */,
				07B7DBC71BC69A12009AF575 /* AppDelegate.m in Sources */,
				07B7DBC41BC69A12009AF575 /* main.m in Sources */,
				072EA0D61BA8A59D00898694 /* CollectionViewCell.m in Sources */,
				072EA1021BC8ECA800898694 /* Table2VC.m in Sources */,
				072EA1031BC8ECA800898694 /* Table2VCViewController.m in Sources */,
				07A0DCC81BCA081A0095F0C6 /* MapViewController.m in Sources */,
				07B7DBE91BC69AA9009AF575 /* MainViewController.m in Sources */,
				072EA0D71BA8A59D00898694 /* CollectionViewController.m in Sources */,
			);
			runOnlyForDeploymentPostprocessing = 0;
		};
		07B7DBD31BC69A12009AF575 /* Sources */ = {
			isa = PBXSourcesBuildPhase;
			buildActionMask = 2147483647;
			files = (
				07B7DBDE1BC69A12009AF575 /* NTTourGuideTests.m in Sources */,
			);
			runOnlyForDeploymentPostprocessing = 0;
		};
/* End PBXSourcesBuildPhase section */

/* Begin PBXTargetDependency section */
		07B7DBD91BC69A12009AF575 /* PBXTargetDependency */ = {
			isa = PBXTargetDependency;
			target = 07B7DBBD1BC69A12009AF575 /* NTTourGuide */;
			targetProxy = 07B7DBD81BC69A12009AF575 /* PBXContainerItemProxy */;
		};
/* End PBXTargetDependency section */

/* Begin PBXVariantGroup section */
		07B7DBCB1BC69A12009AF575 /* Main.storyboard */ = {
			isa = PBXVariantGroup;
			children = (
				07B7DBCC1BC69A12009AF575 /* Base */,
			);
			name = Main.storyboard;
			sourceTree = "<group>";
		};
		07B7DBD01BC69A12009AF575 /* LaunchScreen.xib */ = {
			isa = PBXVariantGroup;
			children = (
				07B7DBD11BC69A12009AF575 /* Base */,
			);
			name = LaunchScreen.xib;
			sourceTree = "<group>";
		};
/* End PBXVariantGroup section */

/* Begin XCBuildConfiguration section */
		07B7DBDF1BC69A12009AF575 /* Debug */ = {
			isa = XCBuildConfiguration;
			buildSettings = {
				ALWAYS_SEARCH_USER_PATHS = NO;
				CLANG_CXX_LANGUAGE_STANDARD = "gnu++0x";
				CLANG_CXX_LIBRARY = "libc++";
				CLANG_ENABLE_MODULES = YES;
				CLANG_ENABLE_OBJC_ARC = YES;
				CLANG_WARN_BOOL_CONVERSION = YES;
				CLANG_WARN_CONSTANT_CONVERSION = YES;
				CLANG_WARN_DIRECT_OBJC_ISA_USAGE = YES_ERROR;
				CLANG_WARN_EMPTY_BODY = YES;
				CLANG_WARN_ENUM_CONVERSION = YES;
				CLANG_WARN_INT_CONVERSION = YES;
				CLANG_WARN_OBJC_ROOT_CLASS = YES_ERROR;
				CLANG_WARN_UNREACHABLE_CODE = YES;
				CLANG_WARN__DUPLICATE_METHOD_MATCH = YES;
				"CODE_SIGN_IDENTITY[sdk=iphoneos*]" = "iPhone Developer";
				COPY_PHASE_STRIP = NO;
				ENABLE_STRICT_OBJC_MSGSEND = YES;
				GCC_C_LANGUAGE_STANDARD = gnu99;
				GCC_DYNAMIC_NO_PIC = NO;
				GCC_OPTIMIZATION_LEVEL = 0;
				GCC_PREPROCESSOR_DEFINITIONS = (
					"DEBUG=1",
					"$(inherited)",
				);
				GCC_SYMBOLS_PRIVATE_EXTERN = NO;
				GCC_WARN_64_TO_32_BIT_CONVERSION = YES;
				GCC_WARN_ABOUT_RETURN_TYPE = YES_ERROR;
				GCC_WARN_UNDECLARED_SELECTOR = YES;
				GCC_WARN_UNINITIALIZED_AUTOS = YES_AGGRESSIVE;
				GCC_WARN_UNUSED_FUNCTION = YES;
				GCC_WARN_UNUSED_VARIABLE = YES;
				IPHONEOS_DEPLOYMENT_TARGET = 8.0;
				MTL_ENABLE_DEBUG_INFO = YES;
				ONLY_ACTIVE_ARCH = YES;
				SDKROOT = iphoneos;
			};
			name = Debug;
		};
		07B7DBE01BC69A12009AF575 /* Release */ = {
			isa = XCBuildConfiguration;
			buildSettings = {
				ALWAYS_SEARCH_USER_PATHS = NO;
				CLANG_CXX_LANGUAGE_STANDARD = "gnu++0x";
				CLANG_CXX_LIBRARY = "libc++";
				CLANG_ENABLE_MODULES = YES;
				CLANG_ENABLE_OBJC_ARC = YES;
				CLANG_WARN_BOOL_CONVERSION = YES;
				CLANG_WARN_CONSTANT_CONVERSION = YES;
				CLANG_WARN_DIRECT_OBJC_ISA_USAGE = YES_ERROR;
				CLANG_WARN_EMPTY_BODY = YES;
				CLANG_WARN_ENUM_CONVERSION = YES;
				CLANG_WARN_INT_CONVERSION = YES;
				CLANG_WARN_OBJC_ROOT_CLASS = YES_ERROR;
				CLANG_WARN_UNREACHABLE_CODE = YES;
				CLANG_WARN__DUPLICATE_METHOD_MATCH = YES;
				"CODE_SIGN_IDENTITY[sdk=iphoneos*]" = "iPhone Developer";
				COPY_PHASE_STRIP = YES;
				ENABLE_NS_ASSERTIONS = NO;
				ENABLE_STRICT_OBJC_MSGSEND = YES;
				GCC_C_LANGUAGE_STANDARD = gnu99;
				GCC_WARN_64_TO_32_BIT_CONVERSION = YES;
				GCC_WARN_ABOUT_RETURN_TYPE = YES_ERROR;
				GCC_WARN_UNDECLARED_SELECTOR = YES;
				GCC_WARN_UNINITIALIZED_AUTOS = YES_AGGRESSIVE;
				GCC_WARN_UNUSED_FUNCTION = YES;
				GCC_WARN_UNUSED_VARIABLE = YES;
				IPHONEOS_DEPLOYMENT_TARGET = 8.0;
				MTL_ENABLE_DEBUG_INFO = NO;
				SDKROOT = iphoneos;
				VALIDATE_PRODUCT = YES;
			};
			name = Release;
		};
		07B7DBE21BC69A12009AF575 /* Debug */ = {
			isa = XCBuildConfiguration;
			buildSettings = {
				ASSETCATALOG_COMPILER_APPICON_NAME = AppIcon;
				INFOPLIST_FILE = NTTourGuide/Info.plist;
				LD_RUNPATH_SEARCH_PATHS = "$(inherited) @executable_path/Frameworks";
				PRODUCT_NAME = "$(TARGET_NAME)";
			};
			name = Debug;
		};
		07B7DBE31BC69A12009AF575 /* Release */ = {
			isa = XCBuildConfiguration;
			buildSettings = {
				ASSETCATALOG_COMPILER_APPICON_NAME = AppIcon;
				INFOPLIST_FILE = NTTourGuide/Info.plist;
				LD_RUNPATH_SEARCH_PATHS = "$(inherited) @executable_path/Frameworks";
				PRODUCT_NAME = "$(TARGET_NAME)";
			};
			name = Release;
		};
		07B7DBE51BC69A12009AF575 /* Debug */ = {
			isa = XCBuildConfiguration;
			buildSettings = {
				BUNDLE_LOADER = "$(TEST_HOST)";
				FRAMEWORK_SEARCH_PATHS = (
					"$(SDKROOT)/Developer/Library/Frameworks",
					"$(inherited)",
				);
				GCC_PREPROCESSOR_DEFINITIONS = (
					"DEBUG=1",
					"$(inherited)",
				);
				INFOPLIST_FILE = NTTourGuideTests/Info.plist;
				LD_RUNPATH_SEARCH_PATHS = "$(inherited) @executable_path/Frameworks @loader_path/Frameworks";
				PRODUCT_NAME = "$(TARGET_NAME)";
				TEST_HOST = "$(BUILT_PRODUCTS_DIR)/NTTourGuide.app/NTTourGuide";
			};
			name = Debug;
		};
		07B7DBE61BC69A12009AF575 /* Release */ = {
			isa = XCBuildConfiguration;
			buildSettings = {
				BUNDLE_LOADER = "$(TEST_HOST)";
				FRAMEWORK_SEARCH_PATHS = (
					"$(SDKROOT)/Developer/Library/Frameworks",
					"$(inherited)",
				);
				INFOPLIST_FILE = NTTourGuideTests/Info.plist;
				LD_RUNPATH_SEARCH_PATHS = "$(inherited) @executable_path/Frameworks @loader_path/Frameworks";
				PRODUCT_NAME = "$(TARGET_NAME)";
				TEST_HOST = "$(BUILT_PRODUCTS_DIR)/NTTourGuide.app/NTTourGuide";
			};
			name = Release;
		};
/* End XCBuildConfiguration section */

/* Begin XCConfigurationList section */
		07B7DBB91BC69A12009AF575 /* Build configuration list for PBXProject "NTTourGuide" */ = {
			isa = XCConfigurationList;
			buildConfigurations = (
				07B7DBDF1BC69A12009AF575 /* Debug */,
				07B7DBE01BC69A12009AF575 /* Release */,
			);
			defaultConfigurationIsVisible = 0;
			defaultConfigurationName = Release;
		};
		07B7DBE11BC69A12009AF575 /* Build configuration list for PBXNativeTarget "NTTourGuide" */ = {
			isa = XCConfigurationList;
			buildConfigurations = (
				07B7DBE21BC69A12009AF575 /* Debug */,
				07B7DBE31BC69A12009AF575 /* Release */,
			);
			defaultConfigurationIsVisible = 0;
			defaultConfigurationName = Release;
		};
		07B7DBE41BC69A12009AF575 /* Build configuration list for PBXNativeTarget "NTTourGuideTests" */ = {
			isa = XCConfigurationList;
			buildConfigurations = (
				07B7DBE51BC69A12009AF575 /* Debug */,
				07B7DBE61BC69A12009AF575 /* Release */,
			);
			defaultConfigurationIsVisible = 0;
			defaultConfigurationName = Release;
		};
/* End XCConfigurationList section */
	};
	rootObject = 07B7DBB61BC69A12009AF575 /* Project object */;
}
